
Microsoft Visual Studio Solution File, Format Version 12.00
# Visual Studio Version 16
VisualStudioVersion = 16.0.30002.166
MinimumVisualStudioVersion = 10.0.40219.1
Project("{FAE04EC0-301F-11D3-BF4B-00C04F79EFBC}") = "HIC_FireDetectReceiver_Manager", "HIC_FireDetectReceiver_Manager\HIC_FireDetectReceiver_Manager.csproj", "{97A056A5-A8DA-4FE3-8EDB-8CDDFAFE753A}"
	ProjectSection(ProjectDependencies) = postProject
		{E7D6707B-D6EF-4FA8-9374-DC3B7D3CDFD6} = {E7D6707B-D6EF-4FA8-9374-DC3B7D3CDFD6}
		{B7CA1480-C144-40AC-AB97-A626F800D5B4} = {B7CA1480-C144-40AC-AB97-A626F800D5B4}
		{94B81CB7-F8A6-44BC-BD71-E927F701E0D8} = {94B81CB7-F8A6-44BC-BD71-E927F701E0D8}
		{B855BFF4-4537-446F-AD26-5392296A248E} = {B855BFF4-4537-446F-AD26-5392296A248E}
	EndProjectSection
EndProject
Project("{FAE04EC0-301F-11D3-BF4B-00C04F79EFBC}") = "AdornedControl.2010", "AdornedControl\AdornedControl.2010.csproj", "{94B81CB7-F8A6-44BC-BD71-E927F701E0D8}"
EndProject
Project("{FAE04EC0-301F-11D3-BF4B-00C04F79EFBC}") = "SimpleNetworkModel.2010", "NetworkModel\SimpleNetworkModel.2010.csproj", "{B855BFF4-4537-446F-AD26-5392296A248E}"
EndProject
Project("{FAE04EC0-301F-11D3-BF4B-00C04F79EFBC}") = "NetworkUI.2010", "NetworkUI\NetworkUI.2010.csproj", "{B7CA1480-C144-40AC-AB97-A626F800D5B4}"
EndProject
Project("{FAE04EC0-301F-11D3-BF4B-00C04F79EFBC}") = "Utils.2010", "Utils\Utils.2010.csproj", "{E7D6707B-D6EF-4FA8-9374-DC3B7D3CDFD6}"
EndProject
Global
	GlobalSection(SolutionConfigurationPlatforms) = preSolution
		Debug|Any CPU = Debug|Any CPU
		Release|Any CPU = Release|Any CPU
	EndGlobalSection
	GlobalSection(ProjectConfigurationPlatforms) = postSolution
		{97A056A5-A8DA-4FE3-8EDB-8CDDFAFE753A}.Debug|Any CPU.ActiveCfg = Debug|Any CPU
		{97A056A5-A8DA-4FE3-8EDB-8CDDFAFE753A}.Debug|Any CPU.Build.0 = Debug|Any CPU
		{97A056A5-A8DA-4FE3-8EDB-8CDDFAFE753A}.Release|Any CPU.ActiveCfg = Release|Any CPU
		{97A056A5-A8DA-4FE3-8EDB-8CDDFAFE753A}.Release|Any CPU.Build.0 = Release|Any CPU
		{94B81CB7-F8A6-44BC-BD71-E927F701E0D8}.Debug|Any CPU.ActiveCfg = Debug|Any CPU
		{94B81CB7-F8A6-44BC-BD71-E927F701E0D8}.Debug|Any CPU.Build.0 = Debug|Any CPU
		{94B81CB7-F8A6-44BC-BD71-E927F701E0D8}.Release|Any CPU.ActiveCfg = Release|Any CPU
		{94B81CB7-F8A6-44BC-BD71-E927F701E0D8}.Release|Any CPU.Build.0 = Release|Any CPU
		{B855BFF4-4537-446F-AD26-5392296A248E}.Debug|Any CPU.ActiveCfg = Debug|Any CPU
		{B855BFF4-4537-446F-AD26-5392296A248E}.Debug|Any CPU.Build.0 = Debug|Any CPU
		{B855BFF4-4537-446F-AD26-5392296A248E}.Release|Any CPU.ActiveCfg = Release|Any CPU
		{B855BFF4-4537-446F-AD26-5392296A248E}.Release|Any CPU.Build.0 = Release|Any CPU
		{B7CA1480-C144-40AC-AB97-A626F800D5B4}.Debug|Any CPU.ActiveCfg = Debug|Any CPU
		{B7CA1480-C144-40AC-AB97-A626F800D5B4}.Debug|Any CPU.Build.0 = Debug|Any CPU
		{B7CA1480-C144-40AC-AB97-A626F800D5B4}.Release|Any CPU.ActiveCfg = Release|Any CPU
		{B7CA1480-C144-40AC-AB97-A626F800D5B4}.Release|Any CPU.Build.0 = Release|Any CPU
		{E7D6707B-D6EF-4FA8-9374-DC3B7D3CDFD6}.Debug|Any CPU.ActiveCfg = Debug|Any CPU
		{E7D6707B-D6EF-4FA8-9374-DC3B7D3CDFD6}.Debug|Any CPU.Build.0 = Debug|Any CPU
		{E7D6707B-D6EF-4FA8-9374-DC3B7D3CDFD6}.Release|Any CPU.ActiveCfg = Release|Any CPU
		{E7D6707B-D6EF-4FA8-9374-DC3B7D3CDFD6}.Release|Any CPU.Build.0 = Release|Any CPU
	EndGlobalSection
	GlobalSection(SolutionProperties) = preSolution
		HideSolutionNode = FALSE
	EndGlobalSection
	GlobalSection(ExtensibilityGlobals) = postSolution
		SolutionGuid = {C96DB92A-19BE-49E6-ABF3-73C7D1A58A03}
	EndGlobalSection
EndGlobal
